// !$*UTF8*$!
{
	archiveVersion = 1;
	classes = {
	};
	objectVersion = 50;
	objects = {

/* Begin PBXBuildFile section */
		AD1C22CF22C4925200BC10C6 /* ThreadCollectionViewManager.swift in Sources */ = {isa = PBXBuildFile; fileRef = AD1C22CE22C4925200BC10C6 /* ThreadCollectionViewManager.swift */; };
		AD1C22D122C553BB00BC10C6 /* ListingViewModel.swift in Sources */ = {isa = PBXBuildFile; fileRef = AD1C22D022C553BB00BC10C6 /* ListingViewModel.swift */; };
		AD1C22D322C553E200BC10C6 /* ListingCollectionViewCell.swift in Sources */ = {isa = PBXBuildFile; fileRef = AD1C22D222C553E200BC10C6 /* ListingCollectionViewCell.swift */; };
		AD1C22D522C57A7300BC10C6 /* Double+Utility.swift in Sources */ = {isa = PBXBuildFile; fileRef = AD1C22D422C57A7200BC10C6 /* Double+Utility.swift */; };
		AD714AA322C3DF68003C3BCC /* Listing.swift in Sources */ = {isa = PBXBuildFile; fileRef = AD714AA222C3DF68003C3BCC /* Listing.swift */; };
		AD714AA522C40AAE003C3BCC /* Thread.swift in Sources */ = {isa = PBXBuildFile; fileRef = AD714AA422C40AAE003C3BCC /* Thread.swift */; };
		AD97BA9D2284FF0E007F23E1 /* NetworkingService.swift in Sources */ = {isa = PBXBuildFile; fileRef = AD97BA9C2284FF0E007F23E1 /* NetworkingService.swift */; };
		ADBA15EE2281035200B06C54 /* AppDelegate.swift in Sources */ = {isa = PBXBuildFile; fileRef = ADBA15ED2281035200B06C54 /* AppDelegate.swift */; };
		ADBA15F02281035200B06C54 /* ThreadViewController.swift in Sources */ = {isa = PBXBuildFile; fileRef = ADBA15EF2281035200B06C54 /* ThreadViewController.swift */; };
		ADBA15F52281035400B06C54 /* Assets.xcassets in Resources */ = {isa = PBXBuildFile; fileRef = ADBA15F42281035400B06C54 /* Assets.xcassets */; };
		ADBA15F82281035400B06C54 /* LaunchScreen.storyboard in Resources */ = {isa = PBXBuildFile; fileRef = ADBA15F62281035400B06C54 /* LaunchScreen.storyboard */; };
		ADBB585822C3D0C20070D960 /* ThreadViewModel.swift in Sources */ = {isa = PBXBuildFile; fileRef = ADBB585722C3D0C20070D960 /* ThreadViewModel.swift */; };
		ADBB585C22C3D3EA0070D960 /* NetworkError.swift in Sources */ = {isa = PBXBuildFile; fileRef = ADBB585B22C3D3EA0070D960 /* NetworkError.swift */; };
		ADBB585E22C3D8DD0070D960 /* Data+Utility.swift in Sources */ = {isa = PBXBuildFile; fileRef = ADBB585D22C3D8DD0070D960 /* Data+Utility.swift */; };
/* End PBXBuildFile section */

/* Begin PBXFileReference section */
		AD1C22CE22C4925200BC10C6 /* ThreadCollectionViewManager.swift */ = {isa = PBXFileReference; lastKnownFileType = sourcecode.swift; path = ThreadCollectionViewManager.swift; sourceTree = "<group>"; };
		AD1C22D022C553BB00BC10C6 /* ListingViewModel.swift */ = {isa = PBXFileReference; lastKnownFileType = sourcecode.swift; path = ListingViewModel.swift; sourceTree = "<group>"; };
		AD1C22D222C553E200BC10C6 /* ListingCollectionViewCell.swift */ = {isa = PBXFileReference; lastKnownFileType = sourcecode.swift; path = ListingCollectionViewCell.swift; sourceTree = "<group>"; };
		AD1C22D422C57A7200BC10C6 /* Double+Utility.swift */ = {isa = PBXFileReference; lastKnownFileType = sourcecode.swift; path = "Double+Utility.swift"; sourceTree = "<group>"; };
		AD714AA222C3DF68003C3BCC /* Listing.swift */ = {isa = PBXFileReference; lastKnownFileType = sourcecode.swift; path = Listing.swift; sourceTree = "<group>"; };
		AD714AA422C40AAE003C3BCC /* Thread.swift */ = {isa = PBXFileReference; lastKnownFileType = sourcecode.swift; path = Thread.swift; sourceTree = "<group>"; };
		AD97BA9C2284FF0E007F23E1 /* NetworkingService.swift */ = {isa = PBXFileReference; lastKnownFileType = sourcecode.swift; path = NetworkingService.swift; sourceTree = "<group>"; };
		ADBA15EA2281035200B06C54 /* RedditApp.app */ = {isa = PBXFileReference; explicitFileType = wrapper.application; includeInIndex = 0; path = RedditApp.app; sourceTree = BUILT_PRODUCTS_DIR; };
		ADBA15ED2281035200B06C54 /* AppDelegate.swift */ = {isa = PBXFileReference; lastKnownFileType = sourcecode.swift; path = AppDelegate.swift; sourceTree = "<group>"; };
		ADBA15EF2281035200B06C54 /* ThreadViewController.swift */ = {isa = PBXFileReference; lastKnownFileType = sourcecode.swift; path = ThreadViewController.swift; sourceTree = "<group>"; };
		ADBA15F42281035400B06C54 /* Assets.xcassets */ = {isa = PBXFileReference; lastKnownFileType = folder.assetcatalog; path = Assets.xcassets; sourceTree = "<group>"; };
		ADBA15F72281035400B06C54 /* Base */ = {isa = PBXFileReference; lastKnownFileType = file.storyboard; name = Base; path = Base.lproj/LaunchScreen.storyboard; sourceTree = "<group>"; };
		ADBA15F92281035400B06C54 /* Info.plist */ = {isa = PBXFileReference; lastKnownFileType = text.plist.xml; path = Info.plist; sourceTree = "<group>"; };
		ADBB585722C3D0C20070D960 /* ThreadViewModel.swift */ = {isa = PBXFileReference; lastKnownFileType = sourcecode.swift; path = ThreadViewModel.swift; sourceTree = "<group>"; };
		ADBB585B22C3D3EA0070D960 /* NetworkError.swift */ = {isa = PBXFileReference; lastKnownFileType = sourcecode.swift; name = NetworkError.swift; path = ../NetworkError.swift; sourceTree = "<group>"; };
		ADBB585D22C3D8DD0070D960 /* Data+Utility.swift */ = {isa = PBXFileReference; lastKnownFileType = sourcecode.swift; path = "Data+Utility.swift"; sourceTree = "<group>"; };
/* End PBXFileReference section */

/* Begin PBXFrameworksBuildPhase section */
		ADBA15E72281035200B06C54 /* Frameworks */ = {
			isa = PBXFrameworksBuildPhase;
			buildActionMask = 2147483647;
			files = (
			);
			runOnlyForDeploymentPostprocessing = 0;
		};
/* End PBXFrameworksBuildPhase section */

/* Begin PBXGroup section */
		AD714AA122C3DF30003C3BCC /* Models */ = {
			isa = PBXGroup;
			children = (
				AD714AA222C3DF68003C3BCC /* Listing.swift */,
				AD714AA422C40AAE003C3BCC /* Thread.swift */,
				AD1C22D022C553BB00BC10C6 /* ListingViewModel.swift */,
			);
			path = Models;
			sourceTree = "<group>";
		};
		ADBA15E12281035200B06C54 = {
			isa = PBXGroup;
			children = (
				ADBA15EC2281035200B06C54 /* RedditApp */,
				ADBA15EB2281035200B06C54 /* Products */,
			);
			sourceTree = "<group>";
		};
		ADBA15EB2281035200B06C54 /* Products */ = {
			isa = PBXGroup;
			children = (
				ADBA15EA2281035200B06C54 /* RedditApp.app */,
			);
			name = Products;
			sourceTree = "<group>";
		};
		ADBA15EC2281035200B06C54 /* RedditApp */ = {
			isa = PBXGroup;
			children = (
				AD714AA122C3DF30003C3BCC /* Models */,
				ADBA15ED2281035200B06C54 /* AppDelegate.swift */,
				ADBB585B22C3D3EA0070D960 /* NetworkError.swift */,
				AD1C22D222C553E200BC10C6 /* ListingCollectionViewCell.swift */,
				ADBA15EF2281035200B06C54 /* ThreadViewController.swift */,
				AD1C22D422C57A7200BC10C6 /* Double+Utility.swift */,
				ADBB585722C3D0C20070D960 /* ThreadViewModel.swift */,
				AD1C22CE22C4925200BC10C6 /* ThreadCollectionViewManager.swift */,
				AD97BA9C2284FF0E007F23E1 /* NetworkingService.swift */,
				ADBB585D22C3D8DD0070D960 /* Data+Utility.swift */,
				ADBA15F42281035400B06C54 /* Assets.xcassets */,
				ADBA15F62281035400B06C54 /* LaunchScreen.storyboard */,
				ADBA15F92281035400B06C54 /* Info.plist */,
			);
			path = RedditApp;
			sourceTree = "<group>";
		};
/* End PBXGroup section */

/* Begin PBXNativeTarget section */
		ADBA15E92281035200B06C54 /* RedditApp */ = {
			isa = PBXNativeTarget;
			buildConfigurationList = ADBA15FC2281035400B06C54 /* Build configuration list for PBXNativeTarget "RedditApp" */;
			buildPhases = (
				ADBA15E62281035200B06C54 /* Sources */,
				ADBA15E72281035200B06C54 /* Frameworks */,
				ADBA15E82281035200B06C54 /* Resources */,
			);
			buildRules = (
			);
			dependencies = (
			);
			name = RedditApp;
			productName = RedditApp;
			productReference = ADBA15EA2281035200B06C54 /* RedditApp.app */;
			productType = "com.apple.product-type.application";
		};
/* End PBXNativeTarget section */

/* Begin PBXProject section */
		ADBA15E22281035200B06C54 /* Project object */ = {
			isa = PBXProject;
			attributes = {
				LastSwiftUpdateCheck = 1020;
				LastUpgradeCheck = 1020;
				ORGANIZATIONNAME = johnny;
				TargetAttributes = {
					ADBA15E92281035200B06C54 = {
						CreatedOnToolsVersion = 10.2;
					};
				};
			};
			buildConfigurationList = ADBA15E52281035200B06C54 /* Build configuration list for PBXProject "RedditApp" */;
			compatibilityVersion = "Xcode 9.3";
			developmentRegion = en;
			hasScannedForEncodings = 0;
			knownRegions = (
				en,
				Base,
			);
			mainGroup = ADBA15E12281035200B06C54;
			productRefGroup = ADBA15EB2281035200B06C54 /* Products */;
			projectDirPath = "";
			projectRoot = "";
			targets = (
				ADBA15E92281035200B06C54 /* RedditApp */,
			);
		};
/* End PBXProject section */

/* Begin PBXResourcesBuildPhase section */
		ADBA15E82281035200B06C54 /* Resources */ = {
			isa = PBXResourcesBuildPhase;
			buildActionMask = 2147483647;
			files = (
				ADBA15F82281035400B06C54 /* LaunchScreen.storyboard in Resources */,
				ADBA15F52281035400B06C54 /* Assets.xcassets in Resources */,
			);
			runOnlyForDeploymentPostprocessing = 0;
		};
/* End PBXResourcesBuildPhase section */

/* Begin PBXSourcesBuildPhase section */
		ADBA15E62281035200B06C54 /* Sources */ = {
			isa = PBXSourcesBuildPhase;
			buildActionMask = 2147483647;
			files = (
				AD714AA522C40AAE003C3BCC /* Thread.swift in Sources */,
				ADBB585C22C3D3EA0070D960 /* NetworkError.swift in Sources */,
				AD714AA322C3DF68003C3BCC /* Listing.swift in Sources */,
				ADBA15F02281035200B06C54 /* ThreadViewController.swift in Sources */,
				AD1C22D522C57A7300BC10C6 /* Double+Utility.swift in Sources */,
				ADBA15EE2281035200B06C54 /* AppDelegate.swift in Sources */,
				AD97BA9D2284FF0E007F23E1 /* NetworkingService.swift in Sources */,
				AD1C22D322C553E200BC10C6 /* ListingCollectionViewCell.swift in Sources */,
				AD1C22CF22C4925200BC10C6 /* ThreadCollectionViewManager.swift in Sources */,
				ADBB585E22C3D8DD0070D960 /* Data+Utility.swift in Sources */,
				ADBB585822C3D0C20070D960 /* ThreadViewModel.swift in Sources */,
				AD1C22D122C553BB00BC10C6 /* ListingViewModel.swift in Sources */,
			);
			runOnlyForDeploymentPostprocessing = 0;
		};
/* End PBXSourcesBuildPhase section */

/* Begin PBXVariantGroup section */
		ADBA15F62281035400B06C54 /* LaunchScreen.storyboard */ = {
			isa = PBXVariantGroup;
			children = (
				ADBA15F72281035400B06C54 /* Base */,
			);
			name = LaunchScreen.storyboard;
			sourceTree = "<group>";
		};
/* End PBXVariantGroup section */

/* Begin XCBuildConfiguration section */
		ADBA15FA2281035400B06C54 /* Debug */ = {
			isa = XCBuildConfiguration;
			buildSettings = {
				ALWAYS_SEARCH_USER_PATHS = NO;
				CLANG_ANALYZER_NONNULL = YES;
				CLANG_ANALYZER_NUMBER_OBJECT_CONVERSION = YES_AGGRESSIVE;
				CLANG_CXX_LANGUAGE_STANDARD = "gnu++14";
				CLANG_CXX_LIBRARY = "libc++";
				CLANG_ENABLE_MODULES = YES;
				CLANG_ENABLE_OBJC_ARC = YES;
				CLANG_ENABLE_OBJC_WEAK = YES;
				CLANG_WARN_BLOCK_CAPTURE_AUTORELEASING = YES;
				CLANG_WARN_BOOL_CONVERSION = YES;
				CLANG_WARN_COMMA = YES;
				CLANG_WARN_CONSTANT_CONVERSION = YES;
				CLANG_WARN_DEPRECATED_OBJC_IMPLEMENTATIONS = YES;
				CLANG_WARN_DIRECT_OBJC_ISA_USAGE = YES_ERROR;
				CLANG_WARN_DOCUMENTATION_COMMENTS = YES;
				CLANG_WARN_EMPTY_BODY = YES;
				CLANG_WARN_ENUM_CONVERSION = YES;
				CLANG_WARN_INFINITE_RECURSION = YES;
				CLANG_WARN_INT_CONVERSION = YES;
				CLANG_WARN_NON_LITERAL_NULL_CONVERSION = YES;
				CLANG_WARN_OBJC_IMPLICIT_RETAIN_SELF = YES;
				CLANG_WARN_OBJC_LITERAL_CONVERSION = YES;
				CLANG_WARN_OBJC_ROOT_CLASS = YES_ERROR;
				CLANG_WARN_RANGE_LOOP_ANALYSIS = YES;
				CLANG_WARN_STRICT_PROTOTYPES = YES;
				CLANG_WARN_SUSPICIOUS_MOVE = YES;
				CLANG_WARN_UNGUARDED_AVAILABILITY = YES_AGGRESSIVE;
				CLANG_WARN_UNREACHABLE_CODE = YES;
				CLANG_WARN__DUPLICATE_METHOD_MATCH = YES;
				CODE_SIGN_IDENTITY = "iPhone Developer";
				COPY_PHASE_STRIP = NO;
				DEBUG_INFORMATION_FORMAT = dwarf;
				ENABLE_STRICT_OBJC_MSGSEND = YES;
				ENABLE_TESTABILITY = YES;
				GCC_C_LANGUAGE_STANDARD = gnu11;
				GCC_DYNAMIC_NO_PIC = NO;
				GCC_NO_COMMON_BLOCKS = YES;
				GCC_OPTIMIZATION_LEVEL = 0;
				GCC_PREPROCESSOR_DEFINITIONS = (
					"DEBUG=1",
					"$(inherited)",
				);
				GCC_WARN_64_TO_32_BIT_CONVERSION = YES;
				GCC_WARN_ABOUT_RETURN_TYPE = YES_ERROR;
				GCC_WARN_UNDECLARED_SELECTOR = YES;
				GCC_WARN_UNINITIALIZED_AUTOS = YES_AGGRESSIVE;
				GCC_WARN_UNUSED_FUNCTION = YES;
				GCC_WARN_UNUSED_VARIABLE = YES;
				IPHONEOS_DEPLOYMENT_TARGET = 12.2;
				MTL_ENABLE_DEBUG_INFO = INCLUDE_SOURCE;
				MTL_FAST_MATH = YES;
				ONLY_ACTIVE_ARCH = YES;
				SDKROOT = iphoneos;
				SWIFT_ACTIVE_COMPILATION_CONDITIONS = DEBUG;
				SWIFT_OPTIMIZATION_LEVEL = "-Onone";
			};
			name = Debug;
		};
		ADBA15FB2281035400B06C54 /* Release */ = {
			isa = XCBuildConfiguration;
			buildSettings = {
				ALWAYS_SEARCH_USER_PATHS = NO;
				CLANG_ANALYZER_NONNULL = YES;
				CLANG_ANALYZER_NUMBER_OBJECT_CONVERSION = YES_AGGRESSIVE;
				CLANG_CXX_LANGUAGE_STANDARD = "gnu++14";
				CLANG_CXX_LIBRARY = "libc++";
				CLANG_ENABLE_MODULES = YES;
				CLANG_ENABLE_OBJC_ARC = YES;
				CLANG_ENABLE_OBJC_WEAK = YES;
				CLANG_WARN_BLOCK_CAPTURE_AUTORELEASING = YES;
				CLANG_WARN_BOOL_CONVERSION = YES;
				CLANG_WARN_COMMA = YES;
				CLANG_WARN_CONSTANT_CONVERSION = YES;
				CLANG_WARN_DEPRECATED_OBJC_IMPLEMENTATIONS = YES;
				CLANG_WARN_DIRECT_OBJC_ISA_USAGE = YES_ERROR;
				CLANG_WARN_DOCUMENTATION_COMMENTS = YES;
				CLANG_WARN_EMPTY_BODY = YES;
				CLANG_WARN_ENUM_CONVERSION = YES;
				CLANG_WARN_INFINITE_RECURSION = YES;
				CLANG_WARN_INT_CONVERSION = YES;
				CLANG_WARN_NON_LITERAL_NULL_CONVERSION = YES;
				CLANG_WARN_OBJC_IMPLICIT_RETAIN_SELF = YES;
				CLANG_WARN_OBJC_LITERAL_CONVERSION = YES;
				CLANG_WARN_OBJC_ROOT_CLASS = YES_ERROR;
				CLANG_WARN_RANGE_LOOP_ANALYSIS = YES;
				CLANG_WARN_STRICT_PROTOTYPES = YES;
				CLANG_WARN_SUSPICIOUS_MOVE = YES;
				CLANG_WARN_UNGUARDED_AVAILABILITY = YES_AGGRESSIVE;
				CLANG_WARN_UNREACHABLE_CODE = YES;
				CLANG_WARN__DUPLICATE_METHOD_MATCH = YES;
				CODE_SIGN_IDENTITY = "iPhone Developer";
				COPY_PHASE_STRIP = NO;
				DEBUG_INFORMATION_FORMAT = "dwarf-with-dsym";
				ENABLE_NS_ASSERTIONS = NO;
				ENABLE_STRICT_OBJC_MSGSEND = YES;
				GCC_C_LANGUAGE_STANDARD = gnu11;
				GCC_NO_COMMON_BLOCKS = YES;
				GCC_WARN_64_TO_32_BIT_CONVERSION = YES;
				GCC_WARN_ABOUT_RETURN_TYPE = YES_ERROR;
				GCC_WARN_UNDECLARED_SELECTOR = YES;
				GCC_WARN_UNINITIALIZED_AUTOS = YES_AGGRESSIVE;
				GCC_WARN_UNUSED_FUNCTION = YES;
				GCC_WARN_UNUSED_VARIABLE = YES;
				IPHONEOS_DEPLOYMENT_TARGET = 12.2;
				MTL_ENABLE_DEBUG_INFO = NO;
				MTL_FAST_MATH = YES;
				SDKROOT = iphoneos;
				SWIFT_COMPILATION_MODE = wholemodule;
				SWIFT_OPTIMIZATION_LEVEL = "-O";
				VALIDATE_PRODUCT = YES;
			};
			name = Release;
		};
		ADBA15FD2281035400B06C54 /* Debug */ = {
			isa = XCBuildConfiguration;
			buildSettings = {
				ASSETCATALOG_COMPILER_APPICON_NAME = AppIcon;
				CODE_SIGN_STYLE = Automatic;
				DEVELOPMENT_TEAM = 55FS74UE25;
				INFOPLIST_FILE = RedditApp/Info.plist;
				LD_RUNPATH_SEARCH_PATHS = (
					"$(inherited)",
					"@executable_path/Frameworks",
				);
				PRODUCT_BUNDLE_IDENTIFIER = com.johnny.RedditApp;
				PRODUCT_NAME = "$(TARGET_NAME)";
				SWIFT_VERSION = 5.0;
				TARGETED_DEVICE_FAMILY = "1,2";
			};
			name = Debug;
		};
		ADBA15FE2281035400B06C54 /* Release */ = {
			isa = XCBuildConfiguration;
			buildSettings = {
				ASSETCATALOG_COMPILER_APPICON_NAME = AppIcon;
				CODE_SIGN_STYLE = Automatic;
				DEVELOPMENT_TEAM = 55FS74UE25;
				INFOPLIST_FILE = RedditApp/Info.plist;
				LD_RUNPATH_SEARCH_PATHS = (
					"$(inherited)",
					"@executable_path/Frameworks",
				);
				PRODUCT_BUNDLE_IDENTIFIER = com.johnny.RedditApp;
				PRODUCT_NAME = "$(TARGET_NAME)";
				SWIFT_VERSION = 5.0;
				TARGETED_DEVICE_FAMILY = "1,2";
			};
			name = Release;
		};
/* End XCBuildConfiguration section */

/* Begin XCConfigurationList section */
		ADBA15E52281035200B06C54 /* Build configuration list for PBXProject "RedditApp" */ = {
			isa = XCConfigurationList;
			buildConfigurations = (
				ADBA15FA2281035400B06C54 /* Debug */,
				ADBA15FB2281035400B06C54 /* Release */,
			);
			defaultConfigurationIsVisible = 0;
			defaultConfigurationName = Release;
		};
		ADBA15FC2281035400B06C54 /* Build configuration list for PBXNativeTarget "RedditApp" */ = {
			isa = XCConfigurationList;
			buildConfigurations = (
				ADBA15FD2281035400B06C54 /* Debug */,
				ADBA15FE2281035400B06C54 /* Release */,
			);
			defaultConfigurationIsVisible = 0;
			defaultConfigurationName = Release;
		};
/* End XCConfigurationList section */
	};
	rootObject = ADBA15E22281035200B06C54 /* Project object */;
}
